<?xml version="1.0" encoding="UTF-8" standalone="yes" ?>
<CodeBlocks_project_file>
	<FileVersion major="1" minor="6" />
	<Project>
		<Option title="T2 2019.3" />
		<Option pch_mode="2" />
		<Option compiler="gcc" />
		<Build>
			<Target title="Debug">
				<Option output="../bin/exampleD1" prefix_auto="1" extension_auto="1" />
				<Option working_dir="." />
				<Option object_output="." />
				<Option type="1" />
				<Option compiler="gcc" />
				<Compiler>
					<Add option="-g" />
					<Add directory="include" />
				</Compiler>
			</Target>
		</Build>
		<Compiler>
			<Add option="-Wall" />
			<Add option="-Wno-unused-function" />
			<Add option="-fexceptions" />
			<Add directory="../include" />
			<Add directory="../include/png" />
			<Add directory="../include/zlib" />
			<Add directory="../bin" />
			<Add directory="/usr/lib/nvidia-304-updates" />
		</Compiler>
		<Linker>
			<Add library="pthread" />
			<Add library="glut" />
			<Add library="GL" />
			<Add library="GLU" />
			<Add library="png" />
			<Add library="z" />
		</Linker>
		<Unit filename="extras.h" />
		<Unit filename="include/Bloco.h" />
		<Unit filename="include/Enemy.h" />
		<Unit filename="include/EnemyRandom.h" />
		<Unit filename="include/Player.h" />
		<Unit filename="include/glcText.cpp" />
		<Unit filename="include/glcText.h" />
		<Unit filename="include/glcTexture.cpp" />
		<Unit filename="include/glcTexture.h" />
		<Unit filename="include/glcWavefrontObject.cpp" />
		<Unit filename="include/glcWavefrontObject.h" />
		<Unit filename="main.cpp" />
		<Unit filename="src/Bloco.cpp" />
		<Unit filename="src/Enemy.cpp" />
		<Unit filename="src/EnemyRandom.cpp" />
		<Unit filename="src/Player.cpp" />
		<Extensions>
			<code_completion />
			<debugger />
			<envvars />
		</Extensions>
	</Project>
</CodeBlocks_project_file>
